// !$*UTF8*$!
{
	archiveVersion = 1;
	classes = {
	};
	objectVersion = 46;
	objects = {

/* Begin PBXBuildFile section */
		F90ACC1C1FA96A3600D46B75 /* AppDelegate.swift in Sources */ = {isa = PBXBuildFile; fileRef = F90ACC1B1FA96A3600D46B75 /* AppDelegate.swift */; };
		F90ACC1E1FA96A3600D46B75 /* ViewController.swift in Sources */ = {isa = PBXBuildFile; fileRef = F90ACC1D1FA96A3600D46B75 /* ViewController.swift */; };
		F90ACC211FA96A3600D46B75 /* Main.storyboard in Resources */ = {isa = PBXBuildFile; fileRef = F90ACC1F1FA96A3600D46B75 /* Main.storyboard */; };
		F90ACC231FA96A3600D46B75 /* Assets.xcassets in Resources */ = {isa = PBXBuildFile; fileRef = F90ACC221FA96A3600D46B75 /* Assets.xcassets */; };
		F90ACC261FA96A3600D46B75 /* LaunchScreen.storyboard in Resources */ = {isa = PBXBuildFile; fileRef = F90ACC241FA96A3600D46B75 /* LaunchScreen.storyboard */; };
		F90ACC3B1FA96CA600D46B75 /* FMDatabase.m in Sources */ = {isa = PBXBuildFile; fileRef = F90ACC301FA96CA600D46B75 /* FMDatabase.m */; };
		F90ACC3C1FA96CA600D46B75 /* FMDatabaseAdditions.m in Sources */ = {isa = PBXBuildFile; fileRef = F90ACC321FA96CA600D46B75 /* FMDatabaseAdditions.m */; };
		F90ACC3D1FA96CA600D46B75 /* FMDatabasePool.m in Sources */ = {isa = PBXBuildFile; fileRef = F90ACC341FA96CA600D46B75 /* FMDatabasePool.m */; };
		F90ACC3E1FA96CA600D46B75 /* FMDatabaseQueue.m in Sources */ = {isa = PBXBuildFile; fileRef = F90ACC361FA96CA600D46B75 /* FMDatabaseQueue.m */; };
		F90ACC3F1FA96CA600D46B75 /* FMResultSet.m in Sources */ = {isa = PBXBuildFile; fileRef = F90ACC391FA96CA600D46B75 /* FMResultSet.m */; };
		F90ACC4C1FA96F2D00D46B75 /* libsqlite3.tbd in Frameworks */ = {isa = PBXBuildFile; fileRef = F90ACC4B1FA96F2D00D46B75 /* libsqlite3.tbd */; };
		F92E67031FAB2B39002B1B4D /* HisannFMDB.swift in Sources */ = {isa = PBXBuildFile; fileRef = F92E67021FAB2B39002B1B4D /* HisannFMDB.swift */; };
		F9F7DBF61FA9C81700BB152D /* People.swift in Sources */ = {isa = PBXBuildFile; fileRef = F9F7DBF51FA9C81700BB152D /* People.swift */; };
/* End PBXBuildFile section */

/* Begin PBXFileReference section */
		F90ACC181FA96A3500D46B75 /* JHFMDB.app */ = {isa = PBXFileReference; explicitFileType = wrapper.application; includeInIndex = 0; path = JHFMDB.app; sourceTree = BUILT_PRODUCTS_DIR; };
		F90ACC1B1FA96A3600D46B75 /* AppDelegate.swift */ = {isa = PBXFileReference; lastKnownFileType = sourcecode.swift; path = AppDelegate.swift; sourceTree = "<group>"; };
		F90ACC1D1FA96A3600D46B75 /* ViewController.swift */ = {isa = PBXFileReference; lastKnownFileType = sourcecode.swift; path = ViewController.swift; sourceTree = "<group>"; };
		F90ACC201FA96A3600D46B75 /* Base */ = {isa = PBXFileReference; lastKnownFileType = file.storyboard; name = Base; path = Base.lproj/Main.storyboard; sourceTree = "<group>"; };
		F90ACC221FA96A3600D46B75 /* Assets.xcassets */ = {isa = PBXFileReference; lastKnownFileType = folder.assetcatalog; path = Assets.xcassets; sourceTree = "<group>"; };
		F90ACC251FA96A3600D46B75 /* Base */ = {isa = PBXFileReference; lastKnownFileType = file.storyboard; name = Base; path = Base.lproj/LaunchScreen.storyboard; sourceTree = "<group>"; };
		F90ACC271FA96A3600D46B75 /* Info.plist */ = {isa = PBXFileReference; lastKnownFileType = text.plist.xml; path = Info.plist; sourceTree = "<group>"; };
		F90ACC2F1FA96CA600D46B75 /* FMDatabase.h */ = {isa = PBXFileReference; fileEncoding = 4; lastKnownFileType = sourcecode.c.h; path = FMDatabase.h; sourceTree = "<group>"; };
		F90ACC301FA96CA600D46B75 /* FMDatabase.m */ = {isa = PBXFileReference; fileEncoding = 4; lastKnownFileType = sourcecode.c.objc; path = FMDatabase.m; sourceTree = "<group>"; };
		F90ACC311FA96CA600D46B75 /* FMDatabaseAdditions.h */ = {isa = PBXFileReference; fileEncoding = 4; lastKnownFileType = sourcecode.c.h; path = FMDatabaseAdditions.h; sourceTree = "<group>"; };
		F90ACC321FA96CA600D46B75 /* FMDatabaseAdditions.m */ = {isa = PBXFileReference; fileEncoding = 4; lastKnownFileType = sourcecode.c.objc; path = FMDatabaseAdditions.m; sourceTree = "<group>"; };
		F90ACC331FA96CA600D46B75 /* FMDatabasePool.h */ = {isa = PBXFileReference; fileEncoding = 4; lastKnownFileType = sourcecode.c.h; path = FMDatabasePool.h; sourceTree = "<group>"; };
		F90ACC341FA96CA600D46B75 /* FMDatabasePool.m */ = {isa = PBXFileReference; fileEncoding = 4; lastKnownFileType = sourcecode.c.objc; path = FMDatabasePool.m; sourceTree = "<group>"; };
		F90ACC351FA96CA600D46B75 /* FMDatabaseQueue.h */ = {isa = PBXFileReference; fileEncoding = 4; lastKnownFileType = sourcecode.c.h; path = FMDatabaseQueue.h; sourceTree = "<group>"; };
		F90ACC361FA96CA600D46B75 /* FMDatabaseQueue.m */ = {isa = PBXFileReference; fileEncoding = 4; lastKnownFileType = sourcecode.c.objc; path = FMDatabaseQueue.m; sourceTree = "<group>"; };
		F90ACC371FA96CA600D46B75 /* FMDB.h */ = {isa = PBXFileReference; fileEncoding = 4; lastKnownFileType = sourcecode.c.h; path = FMDB.h; sourceTree = "<group>"; };
		F90ACC381FA96CA600D46B75 /* FMResultSet.h */ = {isa = PBXFileReference; fileEncoding = 4; lastKnownFileType = sourcecode.c.h; path = FMResultSet.h; sourceTree = "<group>"; };
		F90ACC391FA96CA600D46B75 /* FMResultSet.m */ = {isa = PBXFileReference; fileEncoding = 4; lastKnownFileType = sourcecode.c.objc; path = FMResultSet.m; sourceTree = "<group>"; };
		F90ACC491FA96EB900D46B75 /* JHFMDBHeader.h */ = {isa = PBXFileReference; lastKnownFileType = sourcecode.c.h; path = JHFMDBHeader.h; sourceTree = "<group>"; };
		F90ACC4B1FA96F2D00D46B75 /* libsqlite3.tbd */ = {isa = PBXFileReference; lastKnownFileType = "sourcecode.text-based-dylib-definition"; name = libsqlite3.tbd; path = usr/lib/libsqlite3.tbd; sourceTree = SDKROOT; };
		F92E67021FAB2B39002B1B4D /* HisannFMDB.swift */ = {isa = PBXFileReference; fileEncoding = 4; lastKnownFileType = sourcecode.swift; path = HisannFMDB.swift; sourceTree = "<group>"; };
		F9F7DBF51FA9C81700BB152D /* People.swift */ = {isa = PBXFileReference; fileEncoding = 4; lastKnownFileType = sourcecode.swift; path = People.swift; sourceTree = "<group>"; };
/* End PBXFileReference section */

/* Begin PBXFrameworksBuildPhase section */
		F90ACC151FA96A3500D46B75 /* Frameworks */ = {
			isa = PBXFrameworksBuildPhase;
			buildActionMask = 2147483647;
			files = (
				F90ACC4C1FA96F2D00D46B75 /* libsqlite3.tbd in Frameworks */,
			);
			runOnlyForDeploymentPostprocessing = 0;
		};
/* End PBXFrameworksBuildPhase section */

/* Begin PBXGroup section */
		F90ACC0F1FA96A3500D46B75 = {
			isa = PBXGroup;
			children = (
				F90ACC1A1FA96A3600D46B75 /* JHFMDB */,
				F90ACC191FA96A3500D46B75 /* Products */,
				F90ACC4A1FA96F2C00D46B75 /* Frameworks */,
			);
			sourceTree = "<group>";
		};
		F90ACC191FA96A3500D46B75 /* Products */ = {
			isa = PBXGroup;
			children = (
				F90ACC181FA96A3500D46B75 /* JHFMDB.app */,
			);
			name = Products;
			sourceTree = "<group>";
		};
		F90ACC1A1FA96A3600D46B75 /* JHFMDB */ = {
			isa = PBXGroup;
			children = (
				F90ACC2D1FA96A5100D46B75 /* JHFMDB */,
				F90ACC1B1FA96A3600D46B75 /* AppDelegate.swift */,
				F90ACC1D1FA96A3600D46B75 /* ViewController.swift */,
				F90ACC1F1FA96A3600D46B75 /* Main.storyboard */,
				F90ACC221FA96A3600D46B75 /* Assets.xcassets */,
				F90ACC241FA96A3600D46B75 /* LaunchScreen.storyboard */,
				F90ACC271FA96A3600D46B75 /* Info.plist */,
				F90ACC491FA96EB900D46B75 /* JHFMDBHeader.h */,
				F9F7DBF51FA9C81700BB152D /* People.swift */,
			);
			path = JHFMDB;
			sourceTree = "<group>";
		};
		F90ACC2D1FA96A5100D46B75 /* JHFMDB */ = {
			isa = PBXGroup;
			children = (
				F92E67021FAB2B39002B1B4D /* HisannFMDB.swift */,
				F90ACC2E1FA96CA600D46B75 /* fmdb */,
			);
			path = JHFMDB;
			sourceTree = "<group>";
		};
		F90ACC2E1FA96CA600D46B75 /* fmdb */ = {
			isa = PBXGroup;
			children = (
				F90ACC2F1FA96CA600D46B75 /* FMDatabase.h */,
				F90ACC301FA96CA600D46B75 /* FMDatabase.m */,
				F90ACC311FA96CA600D46B75 /* FMDatabaseAdditions.h */,
				F90ACC321FA96CA600D46B75 /* FMDatabaseAdditions.m */,
				F90ACC331FA96CA600D46B75 /* FMDatabasePool.h */,
				F90ACC341FA96CA600D46B75 /* FMDatabasePool.m */,
				F90ACC351FA96CA600D46B75 /* FMDatabaseQueue.h */,
				F90ACC361FA96CA600D46B75 /* FMDatabaseQueue.m */,
				F90ACC371FA96CA600D46B75 /* FMDB.h */,
				F90ACC381FA96CA600D46B75 /* FMResultSet.h */,
				F90ACC391FA96CA600D46B75 /* FMResultSet.m */,
			);
			path = fmdb;
			sourceTree = "<group>";
		};
		F90ACC4A1FA96F2C00D46B75 /* Frameworks */ = {
			isa = PBXGroup;
			children = (
				F90ACC4B1FA96F2D00D46B75 /* libsqlite3.tbd */,
			);
			name = Frameworks;
			sourceTree = "<group>";
		};
/* End PBXGroup section */

/* Begin PBXNativeTarget section */
		F90ACC171FA96A3500D46B75 /* JHFMDB */ = {
			isa = PBXNativeTarget;
			buildConfigurationList = F90ACC2A1FA96A3600D46B75 /* Build configuration list for PBXNativeTarget "JHFMDB" */;
			buildPhases = (
				F90ACC141FA96A3500D46B75 /* Sources */,
				F90ACC151FA96A3500D46B75 /* Frameworks */,
				F90ACC161FA96A3500D46B75 /* Resources */,
			);
			buildRules = (
			);
			dependencies = (
			);
			name = JHFMDB;
			productName = JHFMDB;
			productReference = F90ACC181FA96A3500D46B75 /* JHFMDB.app */;
			productType = "com.apple.product-type.application";
		};
/* End PBXNativeTarget section */

/* Begin PBXProject section */
		F90ACC101FA96A3500D46B75 /* Project object */ = {
			isa = PBXProject;
			attributes = {
				LastSwiftUpdateCheck = 0830;
				LastUpgradeCheck = 0830;
				ORGANIZATIONNAME = JH;
				TargetAttributes = {
					F90ACC171FA96A3500D46B75 = {
						CreatedOnToolsVersion = 8.3.3;
						DevelopmentTeam = VG9DJHT235;
						ProvisioningStyle = Automatic;
					};
				};
			};
			buildConfigurationList = F90ACC131FA96A3500D46B75 /* Build configuration list for PBXProject "JHFMDB" */;
			compatibilityVersion = "Xcode 3.2";
			developmentRegion = English;
			hasScannedForEncodings = 0;
			knownRegions = (
				en,
				Base,
			);
			mainGroup = F90ACC0F1FA96A3500D46B75;
			productRefGroup = F90ACC191FA96A3500D46B75 /* Products */;
			projectDirPath = "";
			projectRoot = "";
			targets = (
				F90ACC171FA96A3500D46B75 /* JHFMDB */,
			);
		};
/* End PBXProject section */

/* Begin PBXResourcesBuildPhase section */
		F90ACC161FA96A3500D46B75 /* Resources */ = {
			isa = PBXResourcesBuildPhase;
			buildActionMask = 2147483647;
			files = (
				F90ACC261FA96A3600D46B75 /* LaunchScreen.storyboard in Resources */,
				F90ACC231FA96A3600D46B75 /* Assets.xcassets in Resources */,
				F90ACC211FA96A3600D46B75 /* Main.storyboard in Resources */,
			);
			runOnlyForDeploymentPostprocessing = 0;
		};
/* End PBXResourcesBuildPhase section */

/* Begin PBXSourcesBuildPhase section */
		F90ACC141FA96A3500D46B75 /* Sources */ = {
			isa = PBXSourcesBuildPhase;
			buildActionMask = 2147483647;
			files = (
				F90ACC3B1FA96CA600D46B75 /* FMDatabase.m in Sources */,
				F90ACC1E1FA96A3600D46B75 /* ViewController.swift in Sources */,
				F90ACC3F1FA96CA600D46B75 /* FMResultSet.m in Sources */,
				F9F7DBF61FA9C81700BB152D /* People.swift in Sources */,
				F90ACC3D1FA96CA600D46B75 /* FMDatabasePool.m in Sources */,
				F90ACC1C1FA96A3600D46B75 /* AppDelegate.swift in Sources */,
				F90ACC3C1FA96CA600D46B75 /* FMDatabaseAdditions.m in Sources */,
				F90ACC3E1FA96CA600D46B75 /* FMDatabaseQueue.m in Sources */,
				F92E67031FAB2B39002B1B4D /* HisannFMDB.swift in Sources */,
			);
			runOnlyForDeploymentPostprocessing = 0;
		};
/* End PBXSourcesBuildPhase section */

/* Begin PBXVariantGroup section */
		F90ACC1F1FA96A3600D46B75 /* Main.storyboard */ = {
			isa = PBXVariantGroup;
			children = (
				F90ACC201FA96A3600D46B75 /* Base */,
			);
			name = Main.storyboard;
			sourceTree = "<group>";
		};
		F90ACC241FA96A3600D46B75 /* LaunchScreen.storyboard */ = {
			isa = PBXVariantGroup;
			children = (
				F90ACC251FA96A3600D46B75 /* Base */,
			);
			name = LaunchScreen.storyboard;
			sourceTree = "<group>";
		};
/* End PBXVariantGroup section */

/* Begin XCBuildConfiguration section */
		F90ACC281FA96A3600D46B75 /* Debug */ = {
			isa = XCBuildConfiguration;
			buildSettings = {
				ALWAYS_SEARCH_USER_PATHS = NO;
				CLANG_ANALYZER_NONNULL = YES;
				CLANG_ANALYZER_NUMBER_OBJECT_CONVERSION = YES_AGGRESSIVE;
				CLANG_CXX_LANGUAGE_STANDARD = "gnu++0x";
				CLANG_CXX_LIBRARY = "libc++";
				CLANG_ENABLE_MODULES = YES;
				CLANG_ENABLE_OBJC_ARC = YES;
				CLANG_WARN_BOOL_CONVERSION = YES;
				CLANG_WARN_CONSTANT_CONVERSION = YES;
				CLANG_WARN_DIRECT_OBJC_ISA_USAGE = YES_ERROR;
				CLANG_WARN_DOCUMENTATION_COMMENTS = YES;
				CLANG_WARN_EMPTY_BODY = YES;
				CLANG_WARN_ENUM_CONVERSION = YES;
				CLANG_WARN_INFINITE_RECURSION = YES;
				CLANG_WARN_INT_CONVERSION = YES;
				CLANG_WARN_OBJC_ROOT_CLASS = YES_ERROR;
				CLANG_WARN_SUSPICIOUS_MOVE = YES;
				CLANG_WARN_UNREACHABLE_CODE = YES;
				CLANG_WARN__DUPLICATE_METHOD_MATCH = YES;
				"CODE_SIGN_IDENTITY[sdk=iphoneos*]" = "iPhone Developer";
				COPY_PHASE_STRIP = NO;
				DEBUG_INFORMATION_FORMAT = dwarf;
				ENABLE_STRICT_OBJC_MSGSEND = YES;
				ENABLE_TESTABILITY = YES;
				GCC_C_LANGUAGE_STANDARD = gnu99;
				GCC_DYNAMIC_NO_PIC = NO;
				GCC_NO_COMMON_BLOCKS = YES;
				GCC_OPTIMIZATION_LEVEL = 0;
				GCC_PREPROCESSOR_DEFINITIONS = (
					"DEBUG=1",
					"$(inherited)",
				);
				GCC_WARN_64_TO_32_BIT_CONVERSION = YES;
				GCC_WARN_ABOUT_RETURN_TYPE = YES_ERROR;
				GCC_WARN_UNDECLARED_SELECTOR = YES;
				GCC_WARN_UNINITIALIZED_AUTOS = YES_AGGRESSIVE;
				GCC_WARN_UNUSED_FUNCTION = YES;
				GCC_WARN_UNUSED_VARIABLE = YES;
				IPHONEOS_DEPLOYMENT_TARGET = 10.3;
				MTL_ENABLE_DEBUG_INFO = YES;
				ONLY_ACTIVE_ARCH = YES;
				SDKROOT = iphoneos;
				SWIFT_ACTIVE_COMPILATION_CONDITIONS = DEBUG;
				SWIFT_OPTIMIZATION_LEVEL = "-Onone";
				TARGETED_DEVICE_FAMILY = "1,2";
			};
			name = Debug;
		};
		F90ACC291FA96A3600D46B75 /* Release */ = {
			isa = XCBuildConfiguration;
			buildSettings = {
				ALWAYS_SEARCH_USER_PATHS = NO;
				CLANG_ANALYZER_NONNULL = YES;
				CLANG_ANALYZER_NUMBER_OBJECT_CONVERSION = YES_AGGRESSIVE;
				CLANG_CXX_LANGUAGE_STANDARD = "gnu++0x";
				CLANG_CXX_LIBRARY = "libc++";
				CLANG_ENABLE_MODULES = YES;
				CLANG_ENABLE_OBJC_ARC = YES;
				CLANG_WARN_BOOL_CONVERSION = YES;
				CLANG_WARN_CONSTANT_CONVERSION = YES;
				CLANG_WARN_DIRECT_OBJC_ISA_USAGE = YES_ERROR;
				CLANG_WARN_DOCUMENTATION_COMMENTS = YES;
				CLANG_WARN_EMPTY_BODY = YES;
				CLANG_WARN_ENUM_CONVERSION = YES;
				CLANG_WARN_INFINITE_RECURSION = YES;
				CLANG_WARN_INT_CONVERSION = YES;
				CLANG_WARN_OBJC_ROOT_CLASS = YES_ERROR;
				CLANG_WARN_SUSPICIOUS_MOVE = YES;
				CLANG_WARN_UNREACHABLE_CODE = YES;
				CLANG_WARN__DUPLICATE_METHOD_MATCH = YES;
				"CODE_SIGN_IDENTITY[sdk=iphoneos*]" = "iPhone Developer";
				COPY_PHASE_STRIP = NO;
				DEBUG_INFORMATION_FORMAT = "dwarf-with-dsym";
				ENABLE_NS_ASSERTIONS = NO;
				ENABLE_STRICT_OBJC_MSGSEND = YES;
				GCC_C_LANGUAGE_STANDARD = gnu99;
				GCC_NO_COMMON_BLOCKS = YES;
				GCC_WARN_64_TO_32_BIT_CONVERSION = YES;
				GCC_WARN_ABOUT_RETURN_TYPE = YES_ERROR;
				GCC_WARN_UNDECLARED_SELECTOR = YES;
				GCC_WARN_UNINITIALIZED_AUTOS = YES_AGGRESSIVE;
				GCC_WARN_UNUSED_FUNCTION = YES;
				GCC_WARN_UNUSED_VARIABLE = YES;
				IPHONEOS_DEPLOYMENT_TARGET = 10.3;
				MTL_ENABLE_DEBUG_INFO = NO;
				SDKROOT = iphoneos;
				SWIFT_OPTIMIZATION_LEVEL = "-Owholemodule";
				TARGETED_DEVICE_FAMILY = "1,2";
				VALIDATE_PRODUCT = YES;
			};
			name = Release;
		};
		F90ACC2B1FA96A3600D46B75 /* Debug */ = {
			isa = XCBuildConfiguration;
			buildSettings = {
				ASSETCATALOG_COMPILER_APPICON_NAME = AppIcon;
				DEVELOPMENT_TEAM = VG9DJHT235;
				INFOPLIST_FILE = JHFMDB/Info.plist;
				IPHONEOS_DEPLOYMENT_TARGET = 8.0;
				LD_RUNPATH_SEARCH_PATHS = "$(inherited) @executable_path/Frameworks";
				PRODUCT_BUNDLE_IDENTIFIER = com.lito.JHFMDB;
				PRODUCT_NAME = "$(TARGET_NAME)";
				SWIFT_OBJC_BRIDGING_HEADER = JHFMDB/JHFMDBHeader.h;
				SWIFT_VERSION = 3.0;
			};
			name = Debug;
		};
		F90ACC2C1FA96A3600D46B75 /* Release */ = {
			isa = XCBuildConfiguration;
			buildSettings = {
				ASSETCATALOG_COMPILER_APPICON_NAME = AppIcon;
				DEVELOPMENT_TEAM = VG9DJHT235;
				INFOPLIST_FILE = JHFMDB/Info.plist;
				IPHONEOS_DEPLOYMENT_TARGET = 8.0;
				LD_RUNPATH_SEARCH_PATHS = "$(inherited) @executable_path/Frameworks";
				PRODUCT_BUNDLE_IDENTIFIER = com.lito.JHFMDB;
				PRODUCT_NAME = "$(TARGET_NAME)";
				SWIFT_OBJC_BRIDGING_HEADER = JHFMDB/JHFMDBHeader.h;
				SWIFT_VERSION = 3.0;
			};
			name = Release;
		};
/* End XCBuildConfiguration section */

/* Begin XCConfigurationList section */
		F90ACC131FA96A3500D46B75 /* Build configuration list for PBXProject "JHFMDB" */ = {
			isa = XCConfigurationList;
			buildConfigurations = (
				F90ACC281FA96A3600D46B75 /* Debug */,
				F90ACC291FA96A3600D46B75 /* Release */,
			);
			defaultConfigurationIsVisible = 0;
			defaultConfigurationName = Release;
		};
		F90ACC2A1FA96A3600D46B75 /* Build configuration list for PBXNativeTarget "JHFMDB" */ = {
			isa = XCConfigurationList;
			buildConfigurations = (
				F90ACC2B1FA96A3600D46B75 /* Debug */,
				F90ACC2C1FA96A3600D46B75 /* Release */,
			);
			defaultConfigurationIsVisible = 0;
			defaultConfigurationName = Release;
		};
/* End XCConfigurationList section */
	};
	rootObject = F90ACC101FA96A3500D46B75 /* Project object */;
}
